Microsoft Visual Studio Solution File, Format Version 12.00
# Visual Studio Version 17
VisualStudioVersion = 17.0.31903.59
MinimumVisualStudioVersion = 10.0.40219.1
Project("{FAE04EC0-301F-11D3-BF4B-00C04F79EFBC}") = "VrcVa.Core", "src\VrcVa.Core\VrcVa.Core.csproj", "{B5E9E420-8B80-4B53-A51D-5F3D0A85BB0A}"
EndProject
Project("{FAE04EC0-301F-11D3-BF4B-00C04F79EFBC}") = "VrcVa.Infrastructure", "src\VrcVa.Infrastructure\VrcVa.Infrastructure.csproj", "{7ACFDCAE-FED5-45C2-B8E0-B3B995A8A8DB}"
EndProject
Project("{FAE04EC0-301F-11D3-BF4B-00C04F79EFBC}") = "VrcVa.Windows", "src\VrcVa.Windows\VrcVa.Windows.csproj", "{783F468E-039A-4595-B493-6D93D721AA4A}"
EndProject
Project("{FAE04EC0-301F-11D3-BF4B-00C04F79EFBC}") = "VrcVa.Core.Tests", "tests\VrcVa.Core.Tests\VrcVa.Core.Tests.csproj", "{A455DFD2-34FC-4220-9700-4A4A99DE5EC2}"
EndProject
Project("{FAE04EC0-301F-11D3-BF4B-00C04F79EFBC}") = "VrcVa.Infrastructure.Tests", "tests\VrcVa.Infrastructure.Tests\VrcVa.Infrastructure.Tests.csproj", "{71770C00-D7F0-40C1-91C4-B5AD245CD72C}"
EndProject
Project("{FAE04EC0-301F-11D3-BF4B-00C04F79EFBC}") = "VrcVa.CaptureFixture", "tools\VrcVa.CaptureFixture\VrcVa.CaptureFixture.csproj", "{D6033A18-B866-45D5-B2C5-F91080A67D6E}"
EndProject
Global
	GlobalSection(SolutionConfigurationPlatforms) = preSolution
		Debug|Any CPU = Debug|Any CPU
		Release|Any CPU = Release|Any CPU
	EndGlobalSection
	GlobalSection(ProjectConfigurationPlatforms) = postSolution
		{B5E9E420-8B80-4B53-A51D-5F3D0A85BB0A}.Debug|Any CPU.ActiveCfg = Debug|Any CPU
		{B5E9E420-8B80-4B53-A51D-5F3D0A85BB0A}.Debug|Any CPU.Build.0 = Debug|Any CPU
		{B5E9E420-8B80-4B53-A51D-5F3D0A85BB0A}.Release|Any CPU.ActiveCfg = Release|Any CPU
		{B5E9E420-8B80-4B53-A51D-5F3D0A85BB0A}.Release|Any CPU.Build.0 = Release|Any CPU
		{7ACFDCAE-FED5-45C2-B8E0-B3B995A8A8DB}.Debug|Any CPU.ActiveCfg = Debug|Any CPU
		{7ACFDCAE-FED5-45C2-B8E0-B3B995A8A8DB}.Debug|Any CPU.Build.0 = Debug|Any CPU
		{7ACFDCAE-FED5-45C2-B8E0-B3B995A8A8DB}.Release|Any CPU.ActiveCfg = Release|Any CPU
		{7ACFDCAE-FED5-45C2-B8E0-B3B995A8A8DB}.Release|Any CPU.Build.0 = Release|Any CPU
		{783F468E-039A-4595-B493-6D93D721AA4A}.Debug|Any CPU.ActiveCfg = Debug|Any CPU
		{783F468E-039A-4595-B493-6D93D721AA4A}.Debug|Any CPU.Build.0 = Debug|Any CPU
		{783F468E-039A-4595-B493-6D93D721AA4A}.Release|Any CPU.ActiveCfg = Release|Any CPU
		{783F468E-039A-4595-B493-6D93D721AA4A}.Release|Any CPU.Build.0 = Release|Any CPU
		{A455DFD2-34FC-4220-9700-4A4A99DE5EC2}.Debug|Any CPU.ActiveCfg = Debug|Any CPU
		{A455DFD2-34FC-4220-9700-4A4A99DE5EC2}.Debug|Any CPU.Build.0 = Debug|Any CPU
		{A455DFD2-34FC-4220-9700-4A4A99DE5EC2}.Release|Any CPU.ActiveCfg = Release|Any CPU
		{A455DFD2-34FC-4220-9700-4A4A99DE5EC2}.Release|Any CPU.Build.0 = Release|Any CPU
		{71770C00-D7F0-40C1-91C4-B5AD245CD72C}.Debug|Any CPU.ActiveCfg = Debug|Any CPU
		{71770C00-D7F0-40C1-91C4-B5AD245CD72C}.Debug|Any CPU.Build.0 = Debug|Any CPU
		{71770C00-D7F0-40C1-91C4-B5AD245CD72C}.Release|Any CPU.ActiveCfg = Release|Any CPU
		{71770C00-D7F0-40C1-91C4-B5AD245CD72C}.Release|Any CPU.Build.0 = Release|Any CPU
		{D6033A18-B866-45D5-B2C5-F91080A67D6E}.Debug|Any CPU.ActiveCfg = Debug|Any CPU
		{D6033A18-B866-45D5-B2C5-F91080A67D6E}.Debug|Any CPU.Build.0 = Debug|Any CPU
		{D6033A18-B866-45D5-B2C5-F91080A67D6E}.Release|Any CPU.ActiveCfg = Release|Any CPU
		{D6033A18-B866-45D5-B2C5-F91080A67D6E}.Release|Any CPU.Build.0 = Release|Any CPU
	EndGlobalSection
EndGlobal
